
Microsoft Visual Studio Solution File, Format Version 12.00
# Visual Studio Version 17
VisualStudioVersion = 17.3.32819.101
MinimumVisualStudioVersion = 10.0.40219.1
Project("{FAE04EC0-301F-11D3-BF4B-00C04F79EFBC}") = "Solucao", "Solucao.csproj", "{4A8C6267-2189-4BC2-B7C6-0017B33E2D13}"
EndProject
Global
	GlobalSection(SolutionConfigurationPlatforms) = preSolution
		Debug|Any CPU = Debug|Any CPU
		Release|Any CPU = Release|Any CPU
	EndGlobalSection
	GlobalSection(ProjectConfigurationPlatforms) = postSolution
		{4A8C6267-2189-4BC2-B7C6-0017B33E2D13}.Debug|Any CPU.ActiveCfg = Debug|Any CPU
		{4A8C6267-2189-4BC2-B7C6-0017B33E2D13}.Debug|Any CPU.Build.0 = Debug|Any CPU
		{4A8C6267-2189-4BC2-B7C6-0017B33E2D13}.Release|Any CPU.ActiveCfg = Release|Any CPU
		{4A8C6267-2189-4BC2-B7C6-0017B33E2D13}.Release|Any CPU.Build.0 = Release|Any CPU
	EndGlobalSection
	GlobalSection(SolutionProperties) = preSolution
		HideSolutionNode = FALSE
	EndGlobalSection
	GlobalSection(ExtensibilityGlobals) = postSolution
		SolutionGuid = {0CF13D59-2779-4428-922B-7D4E0C733117}
	EndGlobalSection
EndGlobal
